
Microsoft Visual Studio Solution File, Format Version 12.00
# Visual Studio Version 16
VisualStudioVersion = 16.0.30503.244
MinimumVisualStudioVersion = 10.0.40219.1
Project("{FAE04EC0-301F-11D3-BF4B-00C04F79EFBC}") = "Kabanov_DemExam_18052025", "Kabanov_DemExam_18052025\Kabanov_DemExam_18052025.csproj", "{E2BF19A3-2F56-4C02-9558-A5F5980C273D}"
EndProject
Global
	GlobalSection(SolutionConfigurationPlatforms) = preSolution
		Debug|Any CPU = Debug|Any CPU
		Release|Any CPU = Release|Any CPU
	EndGlobalSection
	GlobalSection(ProjectConfigurationPlatforms) = postSolution
		{E2BF19A3-2F56-4C02-9558-A5F5980C273D}.Debug|Any CPU.ActiveCfg = Debug|Any CPU
		{E2BF19A3-2F56-4C02-9558-A5F5980C273D}.Debug|Any CPU.Build.0 = Debug|Any CPU
		{E2BF19A3-2F56-4C02-9558-A5F5980C273D}.Release|Any CPU.ActiveCfg = Release|Any CPU
		{E2BF19A3-2F56-4C02-9558-A5F5980C273D}.Release|Any CPU.Build.0 = Release|Any CPU
	EndGlobalSection
	GlobalSection(SolutionProperties) = preSolution
		HideSolutionNode = FALSE
	EndGlobalSection
	GlobalSection(ExtensibilityGlobals) = postSolution
		SolutionGuid = {C44F1695-CD8E-42D8-8F3D-D04CC4C80C40}
	EndGlobalSection
EndGlobal
